
Microsoft Visual Studio Solution File, Format Version 12.00
# Visual Studio Version 17
VisualStudioVersion = 17.10.35122.118
MinimumVisualStudioVersion = 10.0.40219.1
Project("{FAE04EC0-301F-11D3-BF4B-00C04F79EFBC}") = "proje1", "proje1\proje1.csproj", "{BF92E28C-3748-42C8-ABD6-28B779BCF341}"
EndProject
Global
	GlobalSection(SolutionConfigurationPlatforms) = preSolution
		Debug|Any CPU = Debug|Any CPU
		Release|Any CPU = Release|Any CPU
	EndGlobalSection
	GlobalSection(ProjectConfigurationPlatforms) = postSolution
		{BF92E28C-3748-42C8-ABD6-28B779BCF341}.Debug|Any CPU.ActiveCfg = Debug|Any CPU
		{BF92E28C-3748-42C8-ABD6-28B779BCF341}.Debug|Any CPU.Build.0 = Debug|Any CPU
		{BF92E28C-3748-42C8-ABD6-28B779BCF341}.Release|Any CPU.ActiveCfg = Release|Any CPU
		{BF92E28C-3748-42C8-ABD6-28B779BCF341}.Release|Any CPU.Build.0 = Release|Any CPU
	EndGlobalSection
	GlobalSection(SolutionProperties) = preSolution
		HideSolutionNode = FALSE
	EndGlobalSection
	GlobalSection(ExtensibilityGlobals) = postSolution
		SolutionGuid = {3FE30C44-ACE4-47DA-8683-9B97BAFD8E1C}
	EndGlobalSection
EndGlobal
